
Microsoft Visual Studio Solution File, Format Version 12.00
# Visual Studio Version 17
VisualStudioVersion = 17.0.31919.166
MinimumVisualStudioVersion = 10.0.40219.1
Project("{FAE04EC0-301F-11D3-BF4B-00C04F79EFBC}") = "exo 4", "exo 4\exo 4.csproj", "{7FA011C8-DAD0-4AF5-AC80-956F2EEEB5BD}"
EndProject
Global
	GlobalSection(SolutionConfigurationPlatforms) = preSolution
		Debug|Any CPU = Debug|Any CPU
		Release|Any CPU = Release|Any CPU
	EndGlobalSection
	GlobalSection(ProjectConfigurationPlatforms) = postSolution
		{7FA011C8-DAD0-4AF5-AC80-956F2EEEB5BD}.Debug|Any CPU.ActiveCfg = Debug|Any CPU
		{7FA011C8-DAD0-4AF5-AC80-956F2EEEB5BD}.Debug|Any CPU.Build.0 = Debug|Any CPU
		{7FA011C8-DAD0-4AF5-AC80-956F2EEEB5BD}.Release|Any CPU.ActiveCfg = Release|Any CPU
		{7FA011C8-DAD0-4AF5-AC80-956F2EEEB5BD}.Release|Any CPU.Build.0 = Release|Any CPU
	EndGlobalSection
	GlobalSection(SolutionProperties) = preSolution
		HideSolutionNode = FALSE
	EndGlobalSection
	GlobalSection(ExtensibilityGlobals) = postSolution
		SolutionGuid = {65E39E18-378B-40D4-ACD2-22DF74DA12EC}
	EndGlobalSection
EndGlobal
