
Microsoft Visual Studio Solution File, Format Version 12.00
# Visual Studio Version 17
VisualStudioVersion = 17.0.31919.166
MinimumVisualStudioVersion = 10.0.40219.1
Project("{FAE04EC0-301F-11D3-BF4B-00C04F79EFBC}") = "part2-exo1", "part2-exo1\part2-exo1.csproj", "{55944A17-5E67-499D-827F-91C5BCAF80D4}"
EndProject
Global
	GlobalSection(SolutionConfigurationPlatforms) = preSolution
		Debug|Any CPU = Debug|Any CPU
		Release|Any CPU = Release|Any CPU
	EndGlobalSection
	GlobalSection(ProjectConfigurationPlatforms) = postSolution
		{55944A17-5E67-499D-827F-91C5BCAF80D4}.Debug|Any CPU.ActiveCfg = Debug|Any CPU
		{55944A17-5E67-499D-827F-91C5BCAF80D4}.Debug|Any CPU.Build.0 = Debug|Any CPU
		{55944A17-5E67-499D-827F-91C5BCAF80D4}.Release|Any CPU.ActiveCfg = Release|Any CPU
		{55944A17-5E67-499D-827F-91C5BCAF80D4}.Release|Any CPU.Build.0 = Release|Any CPU
	EndGlobalSection
	GlobalSection(SolutionProperties) = preSolution
		HideSolutionNode = FALSE
	EndGlobalSection
	GlobalSection(ExtensibilityGlobals) = postSolution
		SolutionGuid = {8BFB4BC7-87D3-44F3-B4EB-63BF2EC79A66}
	EndGlobalSection
EndGlobal
