
Microsoft Visual Studio Solution File, Format Version 12.00
# Visual Studio Version 17
VisualStudioVersion = 17.0.31919.166
MinimumVisualStudioVersion = 10.0.40219.1
Project("{FAE04EC0-301F-11D3-BF4B-00C04F79EFBC}") = "Part3-exo2", "Part3-exo2\Part3-exo2.csproj", "{C88F69CE-1B23-44D8-99AD-EB9939461F98}"
EndProject
Global
	GlobalSection(SolutionConfigurationPlatforms) = preSolution
		Debug|Any CPU = Debug|Any CPU
		Release|Any CPU = Release|Any CPU
	EndGlobalSection
	GlobalSection(ProjectConfigurationPlatforms) = postSolution
		{C88F69CE-1B23-44D8-99AD-EB9939461F98}.Debug|Any CPU.ActiveCfg = Debug|Any CPU
		{C88F69CE-1B23-44D8-99AD-EB9939461F98}.Debug|Any CPU.Build.0 = Debug|Any CPU
		{C88F69CE-1B23-44D8-99AD-EB9939461F98}.Release|Any CPU.ActiveCfg = Release|Any CPU
		{C88F69CE-1B23-44D8-99AD-EB9939461F98}.Release|Any CPU.Build.0 = Release|Any CPU
	EndGlobalSection
	GlobalSection(SolutionProperties) = preSolution
		HideSolutionNode = FALSE
	EndGlobalSection
	GlobalSection(ExtensibilityGlobals) = postSolution
		SolutionGuid = {F4770774-4768-411E-8C17-C35AEA1C8FA3}
	EndGlobalSection
EndGlobal
