
Microsoft Visual Studio Solution File, Format Version 12.00
# Visual Studio Version 17
VisualStudioVersion = 17.0.31919.166
MinimumVisualStudioVersion = 10.0.40219.1
Project("{FAE04EC0-301F-11D3-BF4B-00C04F79EFBC}") = "part1-exo2", "part1-exo2\part1-exo2.csproj", "{FB208504-A37D-4DE8-8F7C-CF78CE1A352F}"
EndProject
Global
	GlobalSection(SolutionConfigurationPlatforms) = preSolution
		Debug|Any CPU = Debug|Any CPU
		Release|Any CPU = Release|Any CPU
	EndGlobalSection
	GlobalSection(ProjectConfigurationPlatforms) = postSolution
		{FB208504-A37D-4DE8-8F7C-CF78CE1A352F}.Debug|Any CPU.ActiveCfg = Debug|Any CPU
		{FB208504-A37D-4DE8-8F7C-CF78CE1A352F}.Debug|Any CPU.Build.0 = Debug|Any CPU
		{FB208504-A37D-4DE8-8F7C-CF78CE1A352F}.Release|Any CPU.ActiveCfg = Release|Any CPU
		{FB208504-A37D-4DE8-8F7C-CF78CE1A352F}.Release|Any CPU.Build.0 = Release|Any CPU
	EndGlobalSection
	GlobalSection(SolutionProperties) = preSolution
		HideSolutionNode = FALSE
	EndGlobalSection
	GlobalSection(ExtensibilityGlobals) = postSolution
		SolutionGuid = {2D63CCC3-183E-431A-BD98-15115A374181}
	EndGlobalSection
EndGlobal
