
Microsoft Visual Studio Solution File, Format Version 12.00
# Visual Studio Version 17
VisualStudioVersion = 17.0.31919.166
MinimumVisualStudioVersion = 10.0.40219.1
Project("{FAE04EC0-301F-11D3-BF4B-00C04F79EFBC}") = "Part3-exo1", "Part3-exo1\Part3-exo1.csproj", "{B0D64A47-4585-47B8-9D07-E8A72A7FE0BD}"
EndProject
Global
	GlobalSection(SolutionConfigurationPlatforms) = preSolution
		Debug|Any CPU = Debug|Any CPU
		Release|Any CPU = Release|Any CPU
	EndGlobalSection
	GlobalSection(ProjectConfigurationPlatforms) = postSolution
		{B0D64A47-4585-47B8-9D07-E8A72A7FE0BD}.Debug|Any CPU.ActiveCfg = Debug|Any CPU
		{B0D64A47-4585-47B8-9D07-E8A72A7FE0BD}.Debug|Any CPU.Build.0 = Debug|Any CPU
		{B0D64A47-4585-47B8-9D07-E8A72A7FE0BD}.Release|Any CPU.ActiveCfg = Release|Any CPU
		{B0D64A47-4585-47B8-9D07-E8A72A7FE0BD}.Release|Any CPU.Build.0 = Release|Any CPU
	EndGlobalSection
	GlobalSection(SolutionProperties) = preSolution
		HideSolutionNode = FALSE
	EndGlobalSection
	GlobalSection(ExtensibilityGlobals) = postSolution
		SolutionGuid = {4AFF8AF2-F0ED-40F0-91BE-6E9D689E691D}
	EndGlobalSection
EndGlobal
